
Microsoft Visual Studio Solution File, Format Version 12.00
# Visual Studio 15
VisualStudioVersion = 15.0.27703.2047
MinimumVisualStudioVersion = 10.0.40219.1
Project("{9A19103F-16F7-4668-BE54-9A1E7A4F7556}") = "01.Practice-Integer-Numbers", "01.Practice-Integer-Numbers\01.Practice-Integer-Numbers.csproj", "{FBDC7A3B-5619-478C-83B9-666BCFED4113}"
EndProject
Project("{9A19103F-16F7-4668-BE54-9A1E7A4F7556}") = "02.Practice-Floating-Points", "02.Practice-Floating-Points\02.Practice-Floating-Points.csproj", "{71EB98C4-8823-4E69-95D0-2AD091D82FC1}"
EndProject
Project("{FAE04EC0-301F-11D3-BF4B-00C04F79EFBC}") = "05.Variable-in-Hexadecimal-Format", "05.Variable-in-Hexadecimal-Format\05.Variable-in-Hexadecimal-Format.csproj", "{097D5CB6-5B75-428D-8F2B-1A361890CBEB}"
EndProject
Project("{FAE04EC0-301F-11D3-BF4B-00C04F79EFBC}") = "06.Boolean-Variable", "06.Boolean-Variable\06.Boolean-Variable.csproj", "{97A55540-4F0D-4973-99A8-ABE55950CFA9}"
EndProject
Project("{FAE04EC0-301F-11D3-BF4B-00C04F79EFBC}") = "07.Strings-and-Objects", "07.Strings-and-Objects\07.Strings-and-Objects.csproj", "{5827C027-958F-4E8F-B353-21E6BC2EE3B7}"
EndProject
Project("{FAE04EC0-301F-11D3-BF4B-00C04F79EFBC}") = "08.Exchange-Variable-Values", "08.Exchange-Variable-Values\08.Exchange-Variable-Values.csproj", "{97ED45D5-2D51-4318-8873-1BFFB19A7373}"
EndProject
Project("{FAE04EC0-301F-11D3-BF4B-00C04F79EFBC}") = "09.Employee-Data", "09.Employee-Data\09.Employee-Data.csproj", "{38349C3F-7E41-453D-A620-7408B78D3C55}"
EndProject
Project("{FAE04EC0-301F-11D3-BF4B-00C04F79EFBC}") = "10.Reversed-Characters", "10.Reversed-Characters\10.Reversed-Characters.csproj", "{D00314B0-A975-4826-AEDB-83FEA50E7EC8}"
EndProject
Project("{FAE04EC0-301F-11D3-BF4B-00C04F79EFBC}") = "11.Centuries-to-Nanoseconds", "11.Centuries-to-Nanoseconds\11.Centuries-to-Nanoseconds.csproj", "{2823653F-FB4F-44A4-BD9C-6D50CF01ED43}"
EndProject
Project("{FAE04EC0-301F-11D3-BF4B-00C04F79EFBC}") = "12.Convert-Speed-Units", "12.Convert-Speed-Units\12.Convert-Speed-Units.csproj", "{E8445F6F-E5AC-45DA-8E6B-0B3D8EC7A7FB}"
EndProject
Project("{FAE04EC0-301F-11D3-BF4B-00C04F79EFBC}") = "13.Rectangle-Properties", "13.Rectangle-Properties\13.Rectangle-Properties.csproj", "{2E915008-F06D-48B2-A1F5-38F4F058209A}"
EndProject
Project("{FAE04EC0-301F-11D3-BF4B-00C04F79EFBC}") = "14.Vowel-or-Digit", "14.Vowel-or-Digit\14.Vowel-or-Digit.csproj", "{7D1F357A-9408-4C5A-857A-40A3920FF1C0}"
EndProject
Global
	GlobalSection(SolutionConfigurationPlatforms) = preSolution
		Debug|Any CPU = Debug|Any CPU
		Release|Any CPU = Release|Any CPU
	EndGlobalSection
	GlobalSection(ProjectConfigurationPlatforms) = postSolution
		{FBDC7A3B-5619-478C-83B9-666BCFED4113}.Debug|Any CPU.ActiveCfg = Debug|Any CPU
		{FBDC7A3B-5619-478C-83B9-666BCFED4113}.Debug|Any CPU.Build.0 = Debug|Any CPU
		{FBDC7A3B-5619-478C-83B9-666BCFED4113}.Release|Any CPU.ActiveCfg = Release|Any CPU
		{FBDC7A3B-5619-478C-83B9-666BCFED4113}.Release|Any CPU.Build.0 = Release|Any CPU
		{71EB98C4-8823-4E69-95D0-2AD091D82FC1}.Debug|Any CPU.ActiveCfg = Debug|Any CPU
		{71EB98C4-8823-4E69-95D0-2AD091D82FC1}.Debug|Any CPU.Build.0 = Debug|Any CPU
		{71EB98C4-8823-4E69-95D0-2AD091D82FC1}.Release|Any CPU.ActiveCfg = Release|Any CPU
		{71EB98C4-8823-4E69-95D0-2AD091D82FC1}.Release|Any CPU.Build.0 = Release|Any CPU
		{097D5CB6-5B75-428D-8F2B-1A361890CBEB}.Debug|Any CPU.ActiveCfg = Debug|Any CPU
		{097D5CB6-5B75-428D-8F2B-1A361890CBEB}.Debug|Any CPU.Build.0 = Debug|Any CPU
		{097D5CB6-5B75-428D-8F2B-1A361890CBEB}.Release|Any CPU.ActiveCfg = Release|Any CPU
		{097D5CB6-5B75-428D-8F2B-1A361890CBEB}.Release|Any CPU.Build.0 = Release|Any CPU
		{97A55540-4F0D-4973-99A8-ABE55950CFA9}.Debug|Any CPU.ActiveCfg = Debug|Any CPU
		{97A55540-4F0D-4973-99A8-ABE55950CFA9}.Debug|Any CPU.Build.0 = Debug|Any CPU
		{97A55540-4F0D-4973-99A8-ABE55950CFA9}.Release|Any CPU.ActiveCfg = Release|Any CPU
		{97A55540-4F0D-4973-99A8-ABE55950CFA9}.Release|Any CPU.Build.0 = Release|Any CPU
		{5827C027-958F-4E8F-B353-21E6BC2EE3B7}.Debug|Any CPU.ActiveCfg = Debug|Any CPU
		{5827C027-958F-4E8F-B353-21E6BC2EE3B7}.Debug|Any CPU.Build.0 = Debug|Any CPU
		{5827C027-958F-4E8F-B353-21E6BC2EE3B7}.Release|Any CPU.ActiveCfg = Release|Any CPU
		{5827C027-958F-4E8F-B353-21E6BC2EE3B7}.Release|Any CPU.Build.0 = Release|Any CPU
		{97ED45D5-2D51-4318-8873-1BFFB19A7373}.Debug|Any CPU.ActiveCfg = Debug|Any CPU
		{97ED45D5-2D51-4318-8873-1BFFB19A7373}.Debug|Any CPU.Build.0 = Debug|Any CPU
		{97ED45D5-2D51-4318-8873-1BFFB19A7373}.Release|Any CPU.ActiveCfg = Release|Any CPU
		{97ED45D5-2D51-4318-8873-1BFFB19A7373}.Release|Any CPU.Build.0 = Release|Any CPU
		{38349C3F-7E41-453D-A620-7408B78D3C55}.Debug|Any CPU.ActiveCfg = Debug|Any CPU
		{38349C3F-7E41-453D-A620-7408B78D3C55}.Debug|Any CPU.Build.0 = Debug|Any CPU
		{38349C3F-7E41-453D-A620-7408B78D3C55}.Release|Any CPU.ActiveCfg = Release|Any CPU
		{38349C3F-7E41-453D-A620-7408B78D3C55}.Release|Any CPU.Build.0 = Release|Any CPU
		{D00314B0-A975-4826-AEDB-83FEA50E7EC8}.Debug|Any CPU.ActiveCfg = Debug|Any CPU
		{D00314B0-A975-4826-AEDB-83FEA50E7EC8}.Debug|Any CPU.Build.0 = Debug|Any CPU
		{D00314B0-A975-4826-AEDB-83FEA50E7EC8}.Release|Any CPU.ActiveCfg = Release|Any CPU
		{D00314B0-A975-4826-AEDB-83FEA50E7EC8}.Release|Any CPU.Build.0 = Release|Any CPU
		{2823653F-FB4F-44A4-BD9C-6D50CF01ED43}.Debug|Any CPU.ActiveCfg = Debug|Any CPU
		{2823653F-FB4F-44A4-BD9C-6D50CF01ED43}.Debug|Any CPU.Build.0 = Debug|Any CPU
		{2823653F-FB4F-44A4-BD9C-6D50CF01ED43}.Release|Any CPU.ActiveCfg = Release|Any CPU
		{2823653F-FB4F-44A4-BD9C-6D50CF01ED43}.Release|Any CPU.Build.0 = Release|Any CPU
		{E8445F6F-E5AC-45DA-8E6B-0B3D8EC7A7FB}.Debug|Any CPU.ActiveCfg = Debug|Any CPU
		{E8445F6F-E5AC-45DA-8E6B-0B3D8EC7A7FB}.Debug|Any CPU.Build.0 = Debug|Any CPU
		{E8445F6F-E5AC-45DA-8E6B-0B3D8EC7A7FB}.Release|Any CPU.ActiveCfg = Release|Any CPU
		{E8445F6F-E5AC-45DA-8E6B-0B3D8EC7A7FB}.Release|Any CPU.Build.0 = Release|Any CPU
		{2E915008-F06D-48B2-A1F5-38F4F058209A}.Debug|Any CPU.ActiveCfg = Debug|Any CPU
		{2E915008-F06D-48B2-A1F5-38F4F058209A}.Debug|Any CPU.Build.0 = Debug|Any CPU
		{2E915008-F06D-48B2-A1F5-38F4F058209A}.Release|Any CPU.ActiveCfg = Release|Any CPU
		{2E915008-F06D-48B2-A1F5-38F4F058209A}.Release|Any CPU.Build.0 = Release|Any CPU
		{7D1F357A-9408-4C5A-857A-40A3920FF1C0}.Debug|Any CPU.ActiveCfg = Debug|Any CPU
		{7D1F357A-9408-4C5A-857A-40A3920FF1C0}.Debug|Any CPU.Build.0 = Debug|Any CPU
		{7D1F357A-9408-4C5A-857A-40A3920FF1C0}.Release|Any CPU.ActiveCfg = Release|Any CPU
		{7D1F357A-9408-4C5A-857A-40A3920FF1C0}.Release|Any CPU.Build.0 = Release|Any CPU
	EndGlobalSection
	GlobalSection(SolutionProperties) = preSolution
		HideSolutionNode = FALSE
	EndGlobalSection
	GlobalSection(ExtensibilityGlobals) = postSolution
		SolutionGuid = {F683E4A3-5D2C-4626-B251-10CB1BDAD3E2}
	EndGlobalSection
EndGlobal
